// !$*UTF8*$!
{
	archiveVersion = 1;
	classes = {
	};
	objectVersion = 46;
	objects = {

/* Begin PBXBuildFile section */
		C4A9DC911CCF6015001A9452 /* main.m in Sources */ = {isa = PBXBuildFile; fileRef = C4A9DC901CCF6015001A9452 /* main.m */; };
		C4A9DC941CCF6015001A9452 /* AppDelegate.m in Sources */ = {isa = PBXBuildFile; fileRef = C4A9DC931CCF6015001A9452 /* AppDelegate.m */; };
		C4A9DC971CCF6015001A9452 /* ArticlesViewController.m in Sources */ = {isa = PBXBuildFile; fileRef = C4A9DC961CCF6015001A9452 /* ArticlesViewController.m */; };
		C4A9DC9A1CCF6015001A9452 /* Main.storyboard in Resources */ = {isa = PBXBuildFile; fileRef = C4A9DC981CCF6015001A9452 /* Main.storyboard */; };
		C4A9DC9C1CCF6015001A9452 /* Assets.xcassets in Resources */ = {isa = PBXBuildFile; fileRef = C4A9DC9B1CCF6015001A9452 /* Assets.xcassets */; };
		C4A9DC9F1CCF6015001A9452 /* LaunchScreen.storyboard in Resources */ = {isa = PBXBuildFile; fileRef = C4A9DC9D1CCF6015001A9452 /* LaunchScreen.storyboard */; };
		C4A9DCA81CCF60E2001A9452 /* AsyncImageView.m in Sources */ = {isa = PBXBuildFile; fileRef = C4A9DCA71CCF60E2001A9452 /* AsyncImageView.m */; };
		C4A9DCAB1CCF612E001A9452 /* ArticleTableViewCell.m in Sources */ = {isa = PBXBuildFile; fileRef = C4A9DCAA1CCF612E001A9452 /* ArticleTableViewCell.m */; };
		C4A9DCAE1CCF6164001A9452 /* Article.m in Sources */ = {isa = PBXBuildFile; fileRef = C4A9DCAD1CCF6164001A9452 /* Article.m */; };
		C4A9DCB11CCF6243001A9452 /* ArticleDetailsViewController.m in Sources */ = {isa = PBXBuildFile; fileRef = C4A9DCB01CCF6243001A9452 /* ArticleDetailsViewController.m */; };
		C4A9DCB41CCF6258001A9452 /* WebViewController.m in Sources */ = {isa = PBXBuildFile; fileRef = C4A9DCB31CCF6258001A9452 /* WebViewController.m */; };
/* End PBXBuildFile section */

/* Begin PBXFileReference section */
		C4A9DC8C1CCF6015001A9452 /* Vesti.app */ = {isa = PBXFileReference; explicitFileType = wrapper.application; includeInIndex = 0; path = Vesti.app; sourceTree = BUILT_PRODUCTS_DIR; };
		C4A9DC901CCF6015001A9452 /* main.m */ = {isa = PBXFileReference; lastKnownFileType = sourcecode.c.objc; path = main.m; sourceTree = "<group>"; };
		C4A9DC921CCF6015001A9452 /* AppDelegate.h */ = {isa = PBXFileReference; lastKnownFileType = sourcecode.c.h; path = AppDelegate.h; sourceTree = "<group>"; };
		C4A9DC931CCF6015001A9452 /* AppDelegate.m */ = {isa = PBXFileReference; lastKnownFileType = sourcecode.c.objc; path = AppDelegate.m; sourceTree = "<group>"; };
		C4A9DC951CCF6015001A9452 /* ArticlesViewController.h */ = {isa = PBXFileReference; lastKnownFileType = sourcecode.c.h; path = ArticlesViewController.h; sourceTree = "<group>"; };
		C4A9DC961CCF6015001A9452 /* ArticlesViewController.m */ = {isa = PBXFileReference; lastKnownFileType = sourcecode.c.objc; path = ArticlesViewController.m; sourceTree = "<group>"; };
		C4A9DC991CCF6015001A9452 /* Base */ = {isa = PBXFileReference; lastKnownFileType = file.storyboard; name = Base; path = Base.lproj/Main.storyboard; sourceTree = "<group>"; };
		C4A9DC9B1CCF6015001A9452 /* Assets.xcassets */ = {isa = PBXFileReference; lastKnownFileType = folder.assetcatalog; path = Assets.xcassets; sourceTree = "<group>"; };
		C4A9DC9E1CCF6015001A9452 /* Base */ = {isa = PBXFileReference; lastKnownFileType = file.storyboard; name = Base; path = Base.lproj/LaunchScreen.storyboard; sourceTree = "<group>"; };
		C4A9DCA01CCF6015001A9452 /* Info.plist */ = {isa = PBXFileReference; lastKnownFileType = text.plist.xml; path = Info.plist; sourceTree = "<group>"; };
		C4A9DCA61CCF60E2001A9452 /* AsyncImageView.h */ = {isa = PBXFileReference; fileEncoding = 4; lastKnownFileType = sourcecode.c.h; path = AsyncImageView.h; sourceTree = "<group>"; };
		C4A9DCA71CCF60E2001A9452 /* AsyncImageView.m */ = {isa = PBXFileReference; fileEncoding = 4; lastKnownFileType = sourcecode.c.objc; path = AsyncImageView.m; sourceTree = "<group>"; };
		C4A9DCA91CCF612E001A9452 /* ArticleTableViewCell.h */ = {isa = PBXFileReference; fileEncoding = 4; lastKnownFileType = sourcecode.c.h; path = ArticleTableViewCell.h; sourceTree = "<group>"; };
		C4A9DCAA1CCF612E001A9452 /* ArticleTableViewCell.m */ = {isa = PBXFileReference; fileEncoding = 4; lastKnownFileType = sourcecode.c.objc; path = ArticleTableViewCell.m; sourceTree = "<group>"; };
		C4A9DCAC1CCF6164001A9452 /* Article.h */ = {isa = PBXFileReference; fileEncoding = 4; lastKnownFileType = sourcecode.c.h; path = Article.h; sourceTree = "<group>"; };
		C4A9DCAD1CCF6164001A9452 /* Article.m */ = {isa = PBXFileReference; fileEncoding = 4; lastKnownFileType = sourcecode.c.objc; path = Article.m; sourceTree = "<group>"; };
		C4A9DCAF1CCF6243001A9452 /* ArticleDetailsViewController.h */ = {isa = PBXFileReference; fileEncoding = 4; lastKnownFileType = sourcecode.c.h; path = ArticleDetailsViewController.h; sourceTree = "<group>"; };
		C4A9DCB01CCF6243001A9452 /* ArticleDetailsViewController.m */ = {isa = PBXFileReference; fileEncoding = 4; lastKnownFileType = sourcecode.c.objc; path = ArticleDetailsViewController.m; sourceTree = "<group>"; };
		C4A9DCB21CCF6258001A9452 /* WebViewController.h */ = {isa = PBXFileReference; fileEncoding = 4; lastKnownFileType = sourcecode.c.h; path = WebViewController.h; sourceTree = "<group>"; };
		C4A9DCB31CCF6258001A9452 /* WebViewController.m */ = {isa = PBXFileReference; fileEncoding = 4; lastKnownFileType = sourcecode.c.objc; path = WebViewController.m; sourceTree = "<group>"; };
/* End PBXFileReference section */

/* Begin PBXFrameworksBuildPhase section */
		C4A9DC891CCF6015001A9452 /* Frameworks */ = {
			isa = PBXFrameworksBuildPhase;
			buildActionMask = 2147483647;
			files = (
			);
			runOnlyForDeploymentPostprocessing = 0;
		};
/* End PBXFrameworksBuildPhase section */

/* Begin PBXGroup section */
		C4A9DC831CCF6015001A9452 = {
			isa = PBXGroup;
			children = (
				C4A9DC8E1CCF6015001A9452 /* Vesti */,
				C4A9DC8D1CCF6015001A9452 /* Products */,
			);
			sourceTree = "<group>";
		};
		C4A9DC8D1CCF6015001A9452 /* Products */ = {
			isa = PBXGroup;
			children = (
				C4A9DC8C1CCF6015001A9452 /* Vesti.app */,
			);
			name = Products;
			sourceTree = "<group>";
		};
		C4A9DC8E1CCF6015001A9452 /* Vesti */ = {
			isa = PBXGroup;
			children = (
				C4A9DC921CCF6015001A9452 /* AppDelegate.h */,
				C4A9DC931CCF6015001A9452 /* AppDelegate.m */,
				C4A9DC951CCF6015001A9452 /* ArticlesViewController.h */,
				C4A9DC961CCF6015001A9452 /* ArticlesViewController.m */,
				C4A9DCAF1CCF6243001A9452 /* ArticleDetailsViewController.h */,
				C4A9DCB01CCF6243001A9452 /* ArticleDetailsViewController.m */,
				C4A9DCB21CCF6258001A9452 /* WebViewController.h */,
				C4A9DCB31CCF6258001A9452 /* WebViewController.m */,
				C4A9DCA91CCF612E001A9452 /* ArticleTableViewCell.h */,
				C4A9DCAA1CCF612E001A9452 /* ArticleTableViewCell.m */,
				C4A9DCAC1CCF6164001A9452 /* Article.h */,
				C4A9DCAD1CCF6164001A9452 /* Article.m */,
				C4A9DCA61CCF60E2001A9452 /* AsyncImageView.h */,
				C4A9DCA71CCF60E2001A9452 /* AsyncImageView.m */,
				C4A9DC981CCF6015001A9452 /* Main.storyboard */,
				C4A9DC9B1CCF6015001A9452 /* Assets.xcassets */,
				C4A9DC9D1CCF6015001A9452 /* LaunchScreen.storyboard */,
				C4A9DCA01CCF6015001A9452 /* Info.plist */,
				C4A9DC8F1CCF6015001A9452 /* Supporting Files */,
			);
			path = Vesti;
			sourceTree = "<group>";
		};
		C4A9DC8F1CCF6015001A9452 /* Supporting Files */ = {
			isa = PBXGroup;
			children = (
				C4A9DC901CCF6015001A9452 /* main.m */,
			);
			name = "Supporting Files";
			sourceTree = "<group>";
		};
/* End PBXGroup section */

/* Begin PBXNativeTarget section */
		C4A9DC8B1CCF6015001A9452 /* Vesti */ = {
			isa = PBXNativeTarget;
			buildConfigurationList = C4A9DCA31CCF6015001A9452 /* Build configuration list for PBXNativeTarget "Vesti" */;
			buildPhases = (
				C4A9DC881CCF6015001A9452 /* Sources */,
				C4A9DC891CCF6015001A9452 /* Frameworks */,
				C4A9DC8A1CCF6015001A9452 /* Resources */,
			);
			buildRules = (
			);
			dependencies = (
			);
			name = Vesti;
			productName = Vesti;
			productReference = C4A9DC8C1CCF6015001A9452 /* Vesti.app */;
			productType = "com.apple.product-type.application";
		};
/* End PBXNativeTarget section */

/* Begin PBXProject section */
		C4A9DC841CCF6015001A9452 /* Project object */ = {
			isa = PBXProject;
			attributes = {
				LastUpgradeCheck = 0730;
				ORGANIZATIONNAME = "Djuro Alfirevic";
				TargetAttributes = {
					C4A9DC8B1CCF6015001A9452 = {
						CreatedOnToolsVersion = 7.3;
					};
				};
			};
			buildConfigurationList = C4A9DC871CCF6015001A9452 /* Build configuration list for PBXProject "Vesti" */;
			compatibilityVersion = "Xcode 3.2";
			developmentRegion = English;
			hasScannedForEncodings = 0;
			knownRegions = (
				en,
				Base,
			);
			mainGroup = C4A9DC831CCF6015001A9452;
			productRefGroup = C4A9DC8D1CCF6015001A9452 /* Products */;
			projectDirPath = "";
			projectRoot = "";
			targets = (
				C4A9DC8B1CCF6015001A9452 /* Vesti */,
			);
		};
/* End PBXProject section */

/* Begin PBXResourcesBuildPhase section */
		C4A9DC8A1CCF6015001A9452 /* Resources */ = {
			isa = PBXResourcesBuildPhase;
			buildActionMask = 2147483647;
			files = (
				C4A9DC9F1CCF6015001A9452 /* LaunchScreen.storyboard in Resources */,
				C4A9DC9C1CCF6015001A9452 /* Assets.xcassets in Resources */,
				C4A9DC9A1CCF6015001A9452 /* Main.storyboard in Resources */,
			);
			runOnlyForDeploymentPostprocessing = 0;
		};
/* End PBXResourcesBuildPhase section */

/* Begin PBXSourcesBuildPhase section */
		C4A9DC881CCF6015001A9452 /* Sources */ = {
			isa = PBXSourcesBuildPhase;
			buildActionMask = 2147483647;
			files = (
				C4A9DC971CCF6015001A9452 /* ArticlesViewController.m in Sources */,
				C4A9DC941CCF6015001A9452 /* AppDelegate.m in Sources */,
				C4A9DCB11CCF6243001A9452 /* ArticleDetailsViewController.m in Sources */,
				C4A9DCB41CCF6258001A9452 /* WebViewController.m in Sources */,
				C4A9DCAE1CCF6164001A9452 /* Article.m in Sources */,
				C4A9DC911CCF6015001A9452 /* main.m in Sources */,
				C4A9DCAB1CCF612E001A9452 /* ArticleTableViewCell.m in Sources */,
				C4A9DCA81CCF60E2001A9452 /* AsyncImageView.m in Sources */,
			);
			runOnlyForDeploymentPostprocessing = 0;
		};
/* End PBXSourcesBuildPhase section */

/* Begin PBXVariantGroup section */
		C4A9DC981CCF6015001A9452 /* Main.storyboard */ = {
			isa = PBXVariantGroup;
			children = (
				C4A9DC991CCF6015001A9452 /* Base */,
			);
			name = Main.storyboard;
			sourceTree = "<group>";
		};
		C4A9DC9D1CCF6015001A9452 /* LaunchScreen.storyboard */ = {
			isa = PBXVariantGroup;
			children = (
				C4A9DC9E1CCF6015001A9452 /* Base */,
			);
			name = LaunchScreen.storyboard;
			sourceTree = "<group>";
		};
/* End PBXVariantGroup section */

/* Begin XCBuildConfiguration section */
		C4A9DCA11CCF6015001A9452 /* Debug */ = {
			isa = XCBuildConfiguration;
			buildSettings = {
				ALWAYS_SEARCH_USER_PATHS = NO;
				CLANG_ANALYZER_NONNULL = YES;
				CLANG_CXX_LANGUAGE_STANDARD = "gnu++0x";
				CLANG_CXX_LIBRARY = "libc++";
				CLANG_ENABLE_MODULES = YES;
				CLANG_ENABLE_OBJC_ARC = YES;
				CLANG_WARN_BOOL_CONVERSION = YES;
				CLANG_WARN_CONSTANT_CONVERSION = YES;
				CLANG_WARN_DIRECT_OBJC_ISA_USAGE = YES_ERROR;
				CLANG_WARN_EMPTY_BODY = YES;
				CLANG_WARN_ENUM_CONVERSION = YES;
				CLANG_WARN_INT_CONVERSION = YES;
				CLANG_WARN_OBJC_ROOT_CLASS = YES_ERROR;
				CLANG_WARN_UNREACHABLE_CODE = YES;
				CLANG_WARN__DUPLICATE_METHOD_MATCH = YES;
				"CODE_SIGN_IDENTITY[sdk=iphoneos*]" = "iPhone Developer";
				COPY_PHASE_STRIP = NO;
				DEBUG_INFORMATION_FORMAT = dwarf;
				ENABLE_STRICT_OBJC_MSGSEND = YES;
				ENABLE_TESTABILITY = YES;
				GCC_C_LANGUAGE_STANDARD = gnu99;
				GCC_DYNAMIC_NO_PIC = NO;
				GCC_NO_COMMON_BLOCKS = YES;
				GCC_OPTIMIZATION_LEVEL = 0;
				GCC_PREPROCESSOR_DEFINITIONS = (
					"DEBUG=1",
					"$(inherited)",
				);
				GCC_WARN_64_TO_32_BIT_CONVERSION = YES;
				GCC_WARN_ABOUT_RETURN_TYPE = YES_ERROR;
				GCC_WARN_UNDECLARED_SELECTOR = YES;
				GCC_WARN_UNINITIALIZED_AUTOS = YES_AGGRESSIVE;
				GCC_WARN_UNUSED_FUNCTION = YES;
				GCC_WARN_UNUSED_VARIABLE = YES;
				IPHONEOS_DEPLOYMENT_TARGET = 9.3;
				MTL_ENABLE_DEBUG_INFO = YES;
				ONLY_ACTIVE_ARCH = YES;
				SDKROOT = iphoneos;
			};
			name = Debug;
		};
		C4A9DCA21CCF6015001A9452 /* Release */ = {
			isa = XCBuildConfiguration;
			buildSettings = {
				ALWAYS_SEARCH_USER_PATHS = NO;
				CLANG_ANALYZER_NONNULL = YES;
				CLANG_CXX_LANGUAGE_STANDARD = "gnu++0x";
				CLANG_CXX_LIBRARY = "libc++";
				CLANG_ENABLE_MODULES = YES;
				CLANG_ENABLE_OBJC_ARC = YES;
				CLANG_WARN_BOOL_CONVERSION = YES;
				CLANG_WARN_CONSTANT_CONVERSION = YES;
				CLANG_WARN_DIRECT_OBJC_ISA_USAGE = YES_ERROR;
				CLANG_WARN_EMPTY_BODY = YES;
				CLANG_WARN_ENUM_CONVERSION = YES;
				CLANG_WARN_INT_CONVERSION = YES;
				CLANG_WARN_OBJC_ROOT_CLASS = YES_ERROR;
				CLANG_WARN_UNREACHABLE_CODE = YES;
				CLANG_WARN__DUPLICATE_METHOD_MATCH = YES;
				"CODE_SIGN_IDENTITY[sdk=iphoneos*]" = "iPhone Developer";
				COPY_PHASE_STRIP = NO;
				DEBUG_INFORMATION_FORMAT = "dwarf-with-dsym";
				ENABLE_NS_ASSERTIONS = NO;
				ENABLE_STRICT_OBJC_MSGSEND = YES;
				GCC_C_LANGUAGE_STANDARD = gnu99;
				GCC_NO_COMMON_BLOCKS = YES;
				GCC_WARN_64_TO_32_BIT_CONVERSION = YES;
				GCC_WARN_ABOUT_RETURN_TYPE = YES_ERROR;
				GCC_WARN_UNDECLARED_SELECTOR = YES;
				GCC_WARN_UNINITIALIZED_AUTOS = YES_AGGRESSIVE;
				GCC_WARN_UNUSED_FUNCTION = YES;
				GCC_WARN_UNUSED_VARIABLE = YES;
				IPHONEOS_DEPLOYMENT_TARGET = 9.3;
				MTL_ENABLE_DEBUG_INFO = NO;
				SDKROOT = iphoneos;
				VALIDATE_PRODUCT = YES;
			};
			name = Release;
		};
		C4A9DCA41CCF6015001A9452 /* Debug */ = {
			isa = XCBuildConfiguration;
			buildSettings = {
				ASSETCATALOG_COMPILER_APPICON_NAME = AppIcon;
				INFOPLIST_FILE = Vesti/Info.plist;
				LD_RUNPATH_SEARCH_PATHS = "$(inherited) @executable_path/Frameworks";
				PRODUCT_BUNDLE_IDENTIFIER = rs.cubes.Vesti;
				PRODUCT_NAME = "$(TARGET_NAME)";
			};
			name = Debug;
		};
		C4A9DCA51CCF6015001A9452 /* Release */ = {
			isa = XCBuildConfiguration;
			buildSettings = {
				ASSETCATALOG_COMPILER_APPICON_NAME = AppIcon;
				INFOPLIST_FILE = Vesti/Info.plist;
				LD_RUNPATH_SEARCH_PATHS = "$(inherited) @executable_path/Frameworks";
				PRODUCT_BUNDLE_IDENTIFIER = rs.cubes.Vesti;
				PRODUCT_NAME = "$(TARGET_NAME)";
			};
			name = Release;
		};
/* End XCBuildConfiguration section */

/* Begin XCConfigurationList section */
		C4A9DC871CCF6015001A9452 /* Build configuration list for PBXProject "Vesti" */ = {
			isa = XCConfigurationList;
			buildConfigurations = (
				C4A9DCA11CCF6015001A9452 /* Debug */,
				C4A9DCA21CCF6015001A9452 /* Release */,
			);
			defaultConfigurationIsVisible = 0;
			defaultConfigurationName = Release;
		};
		C4A9DCA31CCF6015001A9452 /* Build configuration list for PBXNativeTarget "Vesti" */ = {
			isa = XCConfigurationList;
			buildConfigurations = (
				C4A9DCA41CCF6015001A9452 /* Debug */,
				C4A9DCA51CCF6015001A9452 /* Release */,
			);
			defaultConfigurationIsVisible = 0;
		};
/* End XCConfigurationList section */
	};
	rootObject = C4A9DC841CCF6015001A9452 /* Project object */;
}
