// !$*UTF8*$!
{
	archiveVersion = 1;
	classes = {
	};
	objectVersion = 46;
	objects = {

/* Begin PBXBuildFile section */
		D55067191CA9670400B715A2 /* main.m in Sources */ = {isa = PBXBuildFile; fileRef = D55067181CA9670400B715A2 /* main.m */; };
		D550671C1CA9670400B715A2 /* AppDelegate.m in Sources */ = {isa = PBXBuildFile; fileRef = D550671B1CA9670400B715A2 /* AppDelegate.m */; };
		D550671F1CA9670400B715A2 /* ViewController.m in Sources */ = {isa = PBXBuildFile; fileRef = D550671E1CA9670400B715A2 /* ViewController.m */; };
		D55067221CA9670400B715A2 /* Main.storyboard in Resources */ = {isa = PBXBuildFile; fileRef = D55067201CA9670400B715A2 /* Main.storyboard */; };
		D55067251CA9670400B715A2 /* ToDo.xcdatamodeld in Sources */ = {isa = PBXBuildFile; fileRef = D55067231CA9670400B715A2 /* ToDo.xcdatamodeld */; };
		D55067271CA9670400B715A2 /* Assets.xcassets in Resources */ = {isa = PBXBuildFile; fileRef = D55067261CA9670400B715A2 /* Assets.xcassets */; };
		D550672A1CA9670400B715A2 /* LaunchScreen.storyboard in Resources */ = {isa = PBXBuildFile; fileRef = D55067281CA9670400B715A2 /* LaunchScreen.storyboard */; };
		D55067371CA974C300B715A2 /* CoreLocation.framework in Frameworks */ = {isa = PBXBuildFile; fileRef = D55067361CA974C300B715A2 /* CoreLocation.framework */; };
		D5FD55EE1CAC061100D89F19 /* LogInViewController.m in Sources */ = {isa = PBXBuildFile; fileRef = D5FD55ED1CAC061100D89F19 /* LogInViewController.m */; };
		D5FD55F11CAC08F800D89F19 /* SignUpViewController.m in Sources */ = {isa = PBXBuildFile; fileRef = D5FD55F01CAC08F800D89F19 /* SignUpViewController.m */; };
/* End PBXBuildFile section */

/* Begin PBXFileReference section */
		D55067141CA9670400B715A2 /* ToDo.app */ = {isa = PBXFileReference; explicitFileType = wrapper.application; includeInIndex = 0; path = ToDo.app; sourceTree = BUILT_PRODUCTS_DIR; };
		D55067181CA9670400B715A2 /* main.m */ = {isa = PBXFileReference; lastKnownFileType = sourcecode.c.objc; path = main.m; sourceTree = "<group>"; };
		D550671A1CA9670400B715A2 /* AppDelegate.h */ = {isa = PBXFileReference; lastKnownFileType = sourcecode.c.h; path = AppDelegate.h; sourceTree = "<group>"; };
		D550671B1CA9670400B715A2 /* AppDelegate.m */ = {isa = PBXFileReference; lastKnownFileType = sourcecode.c.objc; path = AppDelegate.m; sourceTree = "<group>"; };
		D550671D1CA9670400B715A2 /* ViewController.h */ = {isa = PBXFileReference; lastKnownFileType = sourcecode.c.h; path = ViewController.h; sourceTree = "<group>"; };
		D550671E1CA9670400B715A2 /* ViewController.m */ = {isa = PBXFileReference; lastKnownFileType = sourcecode.c.objc; path = ViewController.m; sourceTree = "<group>"; };
		D55067211CA9670400B715A2 /* Base */ = {isa = PBXFileReference; lastKnownFileType = file.storyboard; name = Base; path = Base.lproj/Main.storyboard; sourceTree = "<group>"; };
		D55067241CA9670400B715A2 /* ToDo.xcdatamodel */ = {isa = PBXFileReference; lastKnownFileType = wrapper.xcdatamodel; path = ToDo.xcdatamodel; sourceTree = "<group>"; };
		D55067261CA9670400B715A2 /* Assets.xcassets */ = {isa = PBXFileReference; lastKnownFileType = folder.assetcatalog; path = Assets.xcassets; sourceTree = "<group>"; };
		D55067291CA9670400B715A2 /* Base */ = {isa = PBXFileReference; lastKnownFileType = file.storyboard; name = Base; path = Base.lproj/LaunchScreen.storyboard; sourceTree = "<group>"; };
		D550672B1CA9670400B715A2 /* Info.plist */ = {isa = PBXFileReference; lastKnownFileType = text.plist.xml; path = Info.plist; sourceTree = "<group>"; };
		D55067361CA974C300B715A2 /* CoreLocation.framework */ = {isa = PBXFileReference; lastKnownFileType = wrapper.framework; name = CoreLocation.framework; path = System/Library/Frameworks/CoreLocation.framework; sourceTree = SDKROOT; };
		D5FD55EC1CAC061100D89F19 /* LogInViewController.h */ = {isa = PBXFileReference; fileEncoding = 4; lastKnownFileType = sourcecode.c.h; path = LogInViewController.h; sourceTree = "<group>"; };
		D5FD55ED1CAC061100D89F19 /* LogInViewController.m */ = {isa = PBXFileReference; fileEncoding = 4; lastKnownFileType = sourcecode.c.objc; path = LogInViewController.m; sourceTree = "<group>"; };
		D5FD55EF1CAC08F800D89F19 /* SignUpViewController.h */ = {isa = PBXFileReference; fileEncoding = 4; lastKnownFileType = sourcecode.c.h; path = SignUpViewController.h; sourceTree = "<group>"; };
		D5FD55F01CAC08F800D89F19 /* SignUpViewController.m */ = {isa = PBXFileReference; fileEncoding = 4; lastKnownFileType = sourcecode.c.objc; path = SignUpViewController.m; sourceTree = "<group>"; };
/* End PBXFileReference section */

/* Begin PBXFrameworksBuildPhase section */
		D55067111CA9670400B715A2 /* Frameworks */ = {
			isa = PBXFrameworksBuildPhase;
			buildActionMask = 2147483647;
			files = (
				D55067371CA974C300B715A2 /* CoreLocation.framework in Frameworks */,
			);
			runOnlyForDeploymentPostprocessing = 0;
		};
/* End PBXFrameworksBuildPhase section */

/* Begin PBXGroup section */
		D550670B1CA9670400B715A2 = {
			isa = PBXGroup;
			children = (
				D55067161CA9670400B715A2 /* ToDo */,
				D55067351CA96C6400B715A2 /* Frameworks */,
				D55067151CA9670400B715A2 /* Products */,
			);
			sourceTree = "<group>";
		};
		D55067151CA9670400B715A2 /* Products */ = {
			isa = PBXGroup;
			children = (
				D55067141CA9670400B715A2 /* ToDo.app */,
			);
			name = Products;
			sourceTree = "<group>";
		};
		D55067161CA9670400B715A2 /* ToDo */ = {
			isa = PBXGroup;
			children = (
				D55067321CA96BE600B715A2 /* Models */,
				D55067331CA96C1700B715A2 /* Views */,
				D55067341CA96C2700B715A2 /* Controllers */,
				D55067171CA9670400B715A2 /* Supporting Files */,
			);
			path = ToDo;
			sourceTree = "<group>";
		};
		D55067171CA9670400B715A2 /* Supporting Files */ = {
			isa = PBXGroup;
			children = (
				D55067311CA96B5800B715A2 /* Application Delegate */,
				D55067261CA9670400B715A2 /* Assets.xcassets */,
				D550672B1CA9670400B715A2 /* Info.plist */,
				D55067181CA9670400B715A2 /* main.m */,
			);
			name = "Supporting Files";
			sourceTree = "<group>";
		};
		D55067311CA96B5800B715A2 /* Application Delegate */ = {
			isa = PBXGroup;
			children = (
				D550671A1CA9670400B715A2 /* AppDelegate.h */,
				D550671B1CA9670400B715A2 /* AppDelegate.m */,
			);
			name = "Application Delegate";
			sourceTree = "<group>";
		};
		D55067321CA96BE600B715A2 /* Models */ = {
			isa = PBXGroup;
			children = (
				D55067231CA9670400B715A2 /* ToDo.xcdatamodeld */,
			);
			name = Models;
			sourceTree = "<group>";
		};
		D55067331CA96C1700B715A2 /* Views */ = {
			isa = PBXGroup;
			children = (
				D55067201CA9670400B715A2 /* Main.storyboard */,
				D55067281CA9670400B715A2 /* LaunchScreen.storyboard */,
			);
			name = Views;
			sourceTree = "<group>";
		};
		D55067341CA96C2700B715A2 /* Controllers */ = {
			isa = PBXGroup;
			children = (
				D550671D1CA9670400B715A2 /* ViewController.h */,
				D550671E1CA9670400B715A2 /* ViewController.m */,
				D5FD55EC1CAC061100D89F19 /* LogInViewController.h */,
				D5FD55ED1CAC061100D89F19 /* LogInViewController.m */,
				D5FD55EF1CAC08F800D89F19 /* SignUpViewController.h */,
				D5FD55F01CAC08F800D89F19 /* SignUpViewController.m */,
			);
			name = Controllers;
			sourceTree = "<group>";
		};
		D55067351CA96C6400B715A2 /* Frameworks */ = {
			isa = PBXGroup;
			children = (
				D55067361CA974C300B715A2 /* CoreLocation.framework */,
			);
			name = Frameworks;
			sourceTree = "<group>";
		};
/* End PBXGroup section */

/* Begin PBXNativeTarget section */
		D55067131CA9670400B715A2 /* ToDo */ = {
			isa = PBXNativeTarget;
			buildConfigurationList = D550672E1CA9670400B715A2 /* Build configuration list for PBXNativeTarget "ToDo" */;
			buildPhases = (
				D55067101CA9670400B715A2 /* Sources */,
				D55067111CA9670400B715A2 /* Frameworks */,
				D55067121CA9670400B715A2 /* Resources */,
			);
			buildRules = (
			);
			dependencies = (
			);
			name = ToDo;
			productName = ToDo;
			productReference = D55067141CA9670400B715A2 /* ToDo.app */;
			productType = "com.apple.product-type.application";
		};
/* End PBXNativeTarget section */

/* Begin PBXProject section */
		D550670C1CA9670400B715A2 /* Project object */ = {
			isa = PBXProject;
			attributes = {
				LastUpgradeCheck = 0720;
				ORGANIZATIONNAME = "Cubes School 5";
				TargetAttributes = {
					D55067131CA9670400B715A2 = {
						CreatedOnToolsVersion = 7.2.1;
					};
				};
			};
			buildConfigurationList = D550670F1CA9670400B715A2 /* Build configuration list for PBXProject "ToDo" */;
			compatibilityVersion = "Xcode 3.2";
			developmentRegion = English;
			hasScannedForEncodings = 0;
			knownRegions = (
				en,
				Base,
			);
			mainGroup = D550670B1CA9670400B715A2;
			productRefGroup = D55067151CA9670400B715A2 /* Products */;
			projectDirPath = "";
			projectRoot = "";
			targets = (
				D55067131CA9670400B715A2 /* ToDo */,
			);
		};
/* End PBXProject section */

/* Begin PBXResourcesBuildPhase section */
		D55067121CA9670400B715A2 /* Resources */ = {
			isa = PBXResourcesBuildPhase;
			buildActionMask = 2147483647;
			files = (
				D550672A1CA9670400B715A2 /* LaunchScreen.storyboard in Resources */,
				D55067271CA9670400B715A2 /* Assets.xcassets in Resources */,
				D55067221CA9670400B715A2 /* Main.storyboard in Resources */,
			);
			runOnlyForDeploymentPostprocessing = 0;
		};
/* End PBXResourcesBuildPhase section */

/* Begin PBXSourcesBuildPhase section */
		D55067101CA9670400B715A2 /* Sources */ = {
			isa = PBXSourcesBuildPhase;
			buildActionMask = 2147483647;
			files = (
				D550671F1CA9670400B715A2 /* ViewController.m in Sources */,
				D550671C1CA9670400B715A2 /* AppDelegate.m in Sources */,
				D5FD55F11CAC08F800D89F19 /* SignUpViewController.m in Sources */,
				D5FD55EE1CAC061100D89F19 /* LogInViewController.m in Sources */,
				D55067191CA9670400B715A2 /* main.m in Sources */,
				D55067251CA9670400B715A2 /* ToDo.xcdatamodeld in Sources */,
			);
			runOnlyForDeploymentPostprocessing = 0;
		};
/* End PBXSourcesBuildPhase section */

/* Begin PBXVariantGroup section */
		D55067201CA9670400B715A2 /* Main.storyboard */ = {
			isa = PBXVariantGroup;
			children = (
				D55067211CA9670400B715A2 /* Base */,
			);
			name = Main.storyboard;
			sourceTree = "<group>";
		};
		D55067281CA9670400B715A2 /* LaunchScreen.storyboard */ = {
			isa = PBXVariantGroup;
			children = (
				D55067291CA9670400B715A2 /* Base */,
			);
			name = LaunchScreen.storyboard;
			sourceTree = "<group>";
		};
/* End PBXVariantGroup section */

/* Begin XCBuildConfiguration section */
		D550672C1CA9670400B715A2 /* Debug */ = {
			isa = XCBuildConfiguration;
			buildSettings = {
				ALWAYS_SEARCH_USER_PATHS = NO;
				CLANG_CXX_LANGUAGE_STANDARD = "gnu++0x";
				CLANG_CXX_LIBRARY = "libc++";
				CLANG_ENABLE_MODULES = YES;
				CLANG_ENABLE_OBJC_ARC = YES;
				CLANG_WARN_BOOL_CONVERSION = YES;
				CLANG_WARN_CONSTANT_CONVERSION = YES;
				CLANG_WARN_DIRECT_OBJC_ISA_USAGE = YES_ERROR;
				CLANG_WARN_EMPTY_BODY = YES;
				CLANG_WARN_ENUM_CONVERSION = YES;
				CLANG_WARN_INT_CONVERSION = YES;
				CLANG_WARN_OBJC_ROOT_CLASS = YES_ERROR;
				CLANG_WARN_UNREACHABLE_CODE = YES;
				CLANG_WARN__DUPLICATE_METHOD_MATCH = YES;
				"CODE_SIGN_IDENTITY[sdk=iphoneos*]" = "iPhone Developer";
				COPY_PHASE_STRIP = NO;
				DEBUG_INFORMATION_FORMAT = dwarf;
				ENABLE_STRICT_OBJC_MSGSEND = YES;
				ENABLE_TESTABILITY = YES;
				GCC_C_LANGUAGE_STANDARD = gnu99;
				GCC_DYNAMIC_NO_PIC = NO;
				GCC_NO_COMMON_BLOCKS = YES;
				GCC_OPTIMIZATION_LEVEL = 0;
				GCC_PREPROCESSOR_DEFINITIONS = (
					"DEBUG=1",
					"$(inherited)",
				);
				GCC_WARN_64_TO_32_BIT_CONVERSION = YES;
				GCC_WARN_ABOUT_RETURN_TYPE = YES_ERROR;
				GCC_WARN_UNDECLARED_SELECTOR = YES;
				GCC_WARN_UNINITIALIZED_AUTOS = YES_AGGRESSIVE;
				GCC_WARN_UNUSED_FUNCTION = YES;
				GCC_WARN_UNUSED_VARIABLE = YES;
				IPHONEOS_DEPLOYMENT_TARGET = 9.2;
				MTL_ENABLE_DEBUG_INFO = YES;
				ONLY_ACTIVE_ARCH = YES;
				SDKROOT = iphoneos;
			};
			name = Debug;
		};
		D550672D1CA9670400B715A2 /* Release */ = {
			isa = XCBuildConfiguration;
			buildSettings = {
				ALWAYS_SEARCH_USER_PATHS = NO;
				CLANG_CXX_LANGUAGE_STANDARD = "gnu++0x";
				CLANG_CXX_LIBRARY = "libc++";
				CLANG_ENABLE_MODULES = YES;
				CLANG_ENABLE_OBJC_ARC = YES;
				CLANG_WARN_BOOL_CONVERSION = YES;
				CLANG_WARN_CONSTANT_CONVERSION = YES;
				CLANG_WARN_DIRECT_OBJC_ISA_USAGE = YES_ERROR;
				CLANG_WARN_EMPTY_BODY = YES;
				CLANG_WARN_ENUM_CONVERSION = YES;
				CLANG_WARN_INT_CONVERSION = YES;
				CLANG_WARN_OBJC_ROOT_CLASS = YES_ERROR;
				CLANG_WARN_UNREACHABLE_CODE = YES;
				CLANG_WARN__DUPLICATE_METHOD_MATCH = YES;
				"CODE_SIGN_IDENTITY[sdk=iphoneos*]" = "iPhone Developer";
				COPY_PHASE_STRIP = NO;
				DEBUG_INFORMATION_FORMAT = "dwarf-with-dsym";
				ENABLE_NS_ASSERTIONS = NO;
				ENABLE_STRICT_OBJC_MSGSEND = YES;
				GCC_C_LANGUAGE_STANDARD = gnu99;
				GCC_NO_COMMON_BLOCKS = YES;
				GCC_WARN_64_TO_32_BIT_CONVERSION = YES;
				GCC_WARN_ABOUT_RETURN_TYPE = YES_ERROR;
				GCC_WARN_UNDECLARED_SELECTOR = YES;
				GCC_WARN_UNINITIALIZED_AUTOS = YES_AGGRESSIVE;
				GCC_WARN_UNUSED_FUNCTION = YES;
				GCC_WARN_UNUSED_VARIABLE = YES;
				IPHONEOS_DEPLOYMENT_TARGET = 9.2;
				MTL_ENABLE_DEBUG_INFO = NO;
				SDKROOT = iphoneos;
				VALIDATE_PRODUCT = YES;
			};
			name = Release;
		};
		D550672F1CA9670400B715A2 /* Debug */ = {
			isa = XCBuildConfiguration;
			buildSettings = {
				ASSETCATALOG_COMPILER_APPICON_NAME = AppIcon;
				ASSETCATALOG_COMPILER_LAUNCHIMAGE_NAME = "Brand Assets";
				INFOPLIST_FILE = ToDo/Info.plist;
				LD_RUNPATH_SEARCH_PATHS = "$(inherited) @executable_path/Frameworks";
				PRODUCT_BUNDLE_IDENTIFIER = rs.cubes.ToDo;
				PRODUCT_NAME = "$(TARGET_NAME)";
			};
			name = Debug;
		};
		D55067301CA9670400B715A2 /* Release */ = {
			isa = XCBuildConfiguration;
			buildSettings = {
				ASSETCATALOG_COMPILER_APPICON_NAME = AppIcon;
				ASSETCATALOG_COMPILER_LAUNCHIMAGE_NAME = "Brand Assets";
				INFOPLIST_FILE = ToDo/Info.plist;
				LD_RUNPATH_SEARCH_PATHS = "$(inherited) @executable_path/Frameworks";
				PRODUCT_BUNDLE_IDENTIFIER = rs.cubes.ToDo;
				PRODUCT_NAME = "$(TARGET_NAME)";
			};
			name = Release;
		};
/* End XCBuildConfiguration section */

/* Begin XCConfigurationList section */
		D550670F1CA9670400B715A2 /* Build configuration list for PBXProject "ToDo" */ = {
			isa = XCConfigurationList;
			buildConfigurations = (
				D550672C1CA9670400B715A2 /* Debug */,
				D550672D1CA9670400B715A2 /* Release */,
			);
			defaultConfigurationIsVisible = 0;
			defaultConfigurationName = Release;
		};
		D550672E1CA9670400B715A2 /* Build configuration list for PBXNativeTarget "ToDo" */ = {
			isa = XCConfigurationList;
			buildConfigurations = (
				D550672F1CA9670400B715A2 /* Debug */,
				D55067301CA9670400B715A2 /* Release */,
			);
			defaultConfigurationIsVisible = 0;
			defaultConfigurationName = Release;
		};
/* End XCConfigurationList section */

/* Begin XCVersionGroup section */
		D55067231CA9670400B715A2 /* ToDo.xcdatamodeld */ = {
			isa = XCVersionGroup;
			children = (
				D55067241CA9670400B715A2 /* ToDo.xcdatamodel */,
			);
			currentVersion = D55067241CA9670400B715A2 /* ToDo.xcdatamodel */;
			path = ToDo.xcdatamodeld;
			sourceTree = "<group>";
			versionGroupType = wrapper.xcdatamodel;
		};
/* End XCVersionGroup section */
	};
	rootObject = D550670C1CA9670400B715A2 /* Project object */;
}
